
Microsoft Visual Studio Solution File, Format Version 12.00
# Visual Studio Version 17
VisualStudioVersion = 17.0.31903.59
MinimumVisualStudioVersion = 10.0.40219.1
Project("{FAE04EC0-301F-11D3-BF4B-00C04F79EFBC}") = "WebApi", "WebApi\WebApi.csproj", "{AB8E0239-47E8-4F1D-A500-A34957588C50}"
EndProject
Project("{2150E333-8FDC-42A3-9474-1A3956D46DE8}") = "Tests", "Tests", "{4EC9164F-87E9-4E6D-B96D-C512CE3CC7F4}"
EndProject
Project("{FAE04EC0-301F-11D3-BF4B-00C04F79EFBC}") = "WebApi.UnitTests", "Tests\WebApi.UnitTests\WebApi.UnitTests.csproj", "{60FE834C-7A51-4885-8A53-93C65749525A}"
EndProject
Global
	GlobalSection(SolutionConfigurationPlatforms) = preSolution
		Debug|Any CPU = Debug|Any CPU
		Release|Any CPU = Release|Any CPU
	EndGlobalSection
	GlobalSection(SolutionProperties) = preSolution
		HideSolutionNode = FALSE
	EndGlobalSection
	GlobalSection(ProjectConfigurationPlatforms) = postSolution
		{AB8E0239-47E8-4F1D-A500-A34957588C50}.Debug|Any CPU.ActiveCfg = Debug|Any CPU
		{AB8E0239-47E8-4F1D-A500-A34957588C50}.Debug|Any CPU.Build.0 = Debug|Any CPU
		{AB8E0239-47E8-4F1D-A500-A34957588C50}.Release|Any CPU.ActiveCfg = Release|Any CPU
		{AB8E0239-47E8-4F1D-A500-A34957588C50}.Release|Any CPU.Build.0 = Release|Any CPU
		{60FE834C-7A51-4885-8A53-93C65749525A}.Debug|Any CPU.ActiveCfg = Debug|Any CPU
		{60FE834C-7A51-4885-8A53-93C65749525A}.Debug|Any CPU.Build.0 = Debug|Any CPU
		{60FE834C-7A51-4885-8A53-93C65749525A}.Release|Any CPU.ActiveCfg = Release|Any CPU
		{60FE834C-7A51-4885-8A53-93C65749525A}.Release|Any CPU.Build.0 = Release|Any CPU
	EndGlobalSection
	GlobalSection(NestedProjects) = preSolution
		{60FE834C-7A51-4885-8A53-93C65749525A} = {4EC9164F-87E9-4E6D-B96D-C512CE3CC7F4}
	EndGlobalSection
EndGlobal
